{
  "nodes": {
    "flake-utils": {
      "locked": {
        "lastModified": 1618217525,
        "narHash": "sha256-WGrhVczjXTiswQaoxQ+0PTfbLNeOQM6M36zvLn78AYg=",
        "owner": "numtide",
        "repo": "flake-utils",
        "rev": "c6169a2772643c4a93a0b5ac1c61e296cba68544",
        "type": "github"
      },
      "original": {
        "owner": "numtide",
        "repo": "flake-utils",
        "type": "github"
      }
    },
    "make-shell": {
      "locked": {
        "lastModified": 1619482051,
        "narHash": "sha256-HM5lFiBKKfy/L7Ifk6mKRTT1UfQfSSzIMLBzDnPkH6Q=",
        "owner": "ursi",
        "repo": "nix-make-shell",
        "rev": "ed72df45d0a81784eee8603e366e1f1ae9da6950",
        "type": "github"
      },
      "original": {
        "owner": "ursi",
        "ref": "1",
        "repo": "nix-make-shell",
        "type": "github"
      }
    },
    "nixpkgs": {
      "locked": {
        "lastModified": 1623154001,
        "narHash": "sha256-KxsIXg5ez5SveGayOKcW+MnofqVuLnwZHE5mZgtRAJo=",
        "owner": "NixOS",
        "repo": "nixpkgs",
        "rev": "3bc8e5cd23b84b2e149e7aaad57117da16a19e6f",
        "type": "github"
      },
      "original": {
        "owner": "NixOS",
        "ref": "nixpkgs-unstable",
        "repo": "nixpkgs",
        "type": "github"
      }
    },
    "purs-nix": {
      "inputs": {
        "utils": "utils"
      },
      "locked": {
        "lastModified": 1623907772,
        "narHash": "sha256-inIFQwY0t1NaruxHsgFJO7s+kM+JK46uWHLRPGTbYDI=",
        "owner": "ursi",
        "repo": "purs-nix",
        "rev": "48422e6a2e0672d99e99ac2101ac94946154a586",
        "type": "github"
      },
      "original": {
        "owner": "ursi",
        "repo": "purs-nix",
        "type": "github"
      }
    },
    "root": {
      "inputs": {
        "nixpkgs": "nixpkgs",
        "purs-nix": "purs-nix",
        "utils": "utils_2"
      }
    },
    "utils": {
      "locked": {
        "lastModified": 1620759905,
        "narHash": "sha256-WiyWawrgmyN0EdmiHyG2V+fqReiVi8bM9cRdMaKQOFg=",
        "owner": "numtide",
        "repo": "flake-utils",
        "rev": "b543720b25df6ffdfcf9227afafc5b8c1fabfae8",
        "type": "github"
      },
      "original": {
        "owner": "numtide",
        "repo": "flake-utils",
        "type": "github"
      }
    },
    "utils_2": {
      "inputs": {
        "flake-utils": "flake-utils",
        "make-shell": "make-shell"
      },
      "locked": {
        "lastModified": 1621733845,
        "narHash": "sha256-k7SQFZi64rTqNWBkKrGahCtQHBXi8RWlPq3OKRDzano=",
        "owner": "ursi",
        "repo": "flake-utils",
        "rev": "d939d2e5d73cd3468a05661e4471838b64547e6b",
        "type": "github"
      },
      "original": {
        "owner": "ursi",
        "ref": "2",
        "repo": "flake-utils",
        "type": "github"
      }
    }
  },
  "root": "root",
  "version": 7
}
